
Microsoft Visual Studio Solution File, Format Version 12.00
# Visual Studio Version 16
VisualStudioVersion = 16.0.28729.10
MinimumVisualStudioVersion = 10.0.40219.1
Project("{9A19103F-16F7-4668-BE54-9A1E7A4F7556}") = "my-new-app", "my-new-app.csproj", "{9DC8DD35-FF78-4040-BE67-01A173998C6A}"
EndProject
Global
	GlobalSection(SolutionConfigurationPlatforms) = preSolution
		Debug|Any CPU = Debug|Any CPU
		Release|Any CPU = Release|Any CPU
	EndGlobalSection
	GlobalSection(ProjectConfigurationPlatforms) = postSolution
		{9DC8DD35-FF78-4040-BE67-01A173998C6A}.Debug|Any CPU.ActiveCfg = Debug|Any CPU
		{9DC8DD35-FF78-4040-BE67-01A173998C6A}.Debug|Any CPU.Build.0 = Debug|Any CPU
		{9DC8DD35-FF78-4040-BE67-01A173998C6A}.Release|Any CPU.ActiveCfg = Release|Any CPU
		{9DC8DD35-FF78-4040-BE67-01A173998C6A}.Release|Any CPU.Build.0 = Release|Any CPU
	EndGlobalSection
	GlobalSection(SolutionProperties) = preSolution
		HideSolutionNode = FALSE
	EndGlobalSection
	GlobalSection(ExtensibilityGlobals) = postSolution
		SolutionGuid = {5F0774F0-0122-4DE3-B7EA-E68C97177270}
	EndGlobalSection
EndGlobal
